// !$*UTF8*$!
{
	archiveVersion = 1;
	classes = {
	};
	objectVersion = 48;
	objects = {

/* Begin PBXBuildFile section */
		CD278A3D2018D80800B4B360 /* crc.c in Sources */ = {isa = PBXBuildFile; fileRef = CD278A212018D72600B4B360 /* crc.c */; };
		CD278A3E2018D80C00B4B360 /* hamming.c in Sources */ = {isa = PBXBuildFile; fileRef = CD278A222018D72600B4B360 /* hamming.c */; };
/* End PBXBuildFile section */

/* Begin PBXCopyFilesBuildPhase section */
		CD278A252018D78500B4B360 /* CopyFiles */ = {
			isa = PBXCopyFilesBuildPhase;
			buildActionMask = 2147483647;
			dstPath = /usr/share/man/man1/;
			dstSubfolderSpec = 0;
			files = (
			);
			runOnlyForDeploymentPostprocessing = 1;
		};
		CD278A322018D7B500B4B360 /* CopyFiles */ = {
			isa = PBXCopyFilesBuildPhase;
			buildActionMask = 2147483647;
			dstPath = /usr/share/man/man1/;
			dstSubfolderSpec = 0;
			files = (
			);
			runOnlyForDeploymentPostprocessing = 1;
		};
/* End PBXCopyFilesBuildPhase section */

/* Begin PBXFileReference section */
		CD278A212018D72600B4B360 /* crc.c */ = {isa = PBXFileReference; fileEncoding = 4; lastKnownFileType = sourcecode.c.c; path = crc.c; sourceTree = "<group>"; };
		CD278A222018D72600B4B360 /* hamming.c */ = {isa = PBXFileReference; fileEncoding = 4; lastKnownFileType = sourcecode.c.c; path = hamming.c; sourceTree = "<group>"; };
		CD278A3B2018D7F400B4B360 /* crc */ = {isa = PBXFileReference; explicitFileType = "compiled.mach-o.executable"; includeInIndex = 0; path = crc; sourceTree = BUILT_PRODUCTS_DIR; };
		CD278A3C2018D7F700B4B360 /* hamming */ = {isa = PBXFileReference; explicitFileType = "compiled.mach-o.executable"; includeInIndex = 0; path = hamming; sourceTree = BUILT_PRODUCTS_DIR; };
		CD38C658200553EF0039CFB3 /* Makefile */ = {isa = PBXFileReference; lastKnownFileType = sourcecode.make; path = Makefile; sourceTree = "<group>"; };
		CD8293BB2005564500ACA7ED /* main.c */ = {isa = PBXFileReference; lastKnownFileType = sourcecode.c.c; path = main.c; sourceTree = "<group>"; };
		CD8293D3200561A700ACA7ED /* md5.h */ = {isa = PBXFileReference; lastKnownFileType = sourcecode.c.h; path = md5.h; sourceTree = "<group>"; };
		CD8293D4200561A700ACA7ED /* md5.c */ = {isa = PBXFileReference; lastKnownFileType = sourcecode.c.c; path = md5.c; sourceTree = "<group>"; };
		CDF0B955200A688C007451A7 /* rsa.h */ = {isa = PBXFileReference; lastKnownFileType = sourcecode.c.h; path = rsa.h; sourceTree = "<group>"; };
		CDF0B956200A688C007451A7 /* rsa.c */ = {isa = PBXFileReference; lastKnownFileType = sourcecode.c.c; path = rsa.c; sourceTree = "<group>"; };
/* End PBXFileReference section */

/* Begin PBXFrameworksBuildPhase section */
		CD278A242018D78500B4B360 /* Frameworks */ = {
			isa = PBXFrameworksBuildPhase;
			buildActionMask = 2147483647;
			files = (
			);
			runOnlyForDeploymentPostprocessing = 0;
		};
		CD278A312018D7B500B4B360 /* Frameworks */ = {
			isa = PBXFrameworksBuildPhase;
			buildActionMask = 2147483647;
			files = (
			);
			runOnlyForDeploymentPostprocessing = 0;
		};
/* End PBXFrameworksBuildPhase section */

/* Begin PBXGroup section */
		CD278A282018D78500B4B360 /* crc */ = {
			isa = PBXGroup;
			children = (
				CD278A212018D72600B4B360 /* crc.c */,
			);
			path = crc;
			sourceTree = "<group>";
		};
		CD278A2E2018D79800B4B360 /* signature */ = {
			isa = PBXGroup;
			children = (
				CDF0B955200A688C007451A7 /* rsa.h */,
				CDF0B956200A688C007451A7 /* rsa.c */,
				CD8293D3200561A700ACA7ED /* md5.h */,
				CD8293D4200561A700ACA7ED /* md5.c */,
				CD8293BB2005564500ACA7ED /* main.c */,
				CD38C658200553EF0039CFB3 /* Makefile */,
			);
			path = signature;
			sourceTree = "<group>";
		};
		CD278A352018D7B500B4B360 /* hamming */ = {
			isa = PBXGroup;
			children = (
				CD278A222018D72600B4B360 /* hamming.c */,
			);
			path = hamming;
			sourceTree = "<group>";
		};
		CD38C64D200553E10039CFB3 = {
			isa = PBXGroup;
			children = (
				CD278A2E2018D79800B4B360 /* signature */,
				CD278A282018D78500B4B360 /* crc */,
				CD278A352018D7B500B4B360 /* hamming */,
				CD278A3B2018D7F400B4B360 /* crc */,
				CD278A3C2018D7F700B4B360 /* hamming */,
			);
			sourceTree = "<group>";
		};
/* End PBXGroup section */

/* Begin PBXLegacyTarget section */
		CD38C652200553E10039CFB3 /* signature */ = {
			isa = PBXLegacyTarget;
			buildArgumentsString = "$(ACTION)";
			buildConfigurationList = CD38C655200553E10039CFB3 /* Build configuration list for PBXLegacyTarget "signature" */;
			buildPhases = (
			);
			buildToolPath = /usr/bin/make;
			buildWorkingDirectory = signature;
			dependencies = (
			);
			name = signature;
			passBuildSettingsInEnvironment = 1;
			productName = MD3;
		};
/* End PBXLegacyTarget section */

/* Begin PBXNativeTarget section */
		CD278A262018D78500B4B360 /* crc */ = {
			isa = PBXNativeTarget;
			buildConfigurationList = CD278A2B2018D78500B4B360 /* Build configuration list for PBXNativeTarget "crc" */;
			buildPhases = (
				CD278A232018D78500B4B360 /* Sources */,
				CD278A242018D78500B4B360 /* Frameworks */,
				CD278A252018D78500B4B360 /* CopyFiles */,
			);
			buildRules = (
			);
			dependencies = (
			);
			name = crc;
			productName = crc;
			productReference = CD278A3B2018D7F400B4B360 /* crc */;
			productType = "com.apple.product-type.tool";
		};
		CD278A332018D7B500B4B360 /* hamming */ = {
			isa = PBXNativeTarget;
			buildConfigurationList = CD278A382018D7B500B4B360 /* Build configuration list for PBXNativeTarget "hamming" */;
			buildPhases = (
				CD278A302018D7B500B4B360 /* Sources */,
				CD278A312018D7B500B4B360 /* Frameworks */,
				CD278A322018D7B500B4B360 /* CopyFiles */,
			);
			buildRules = (
			);
			dependencies = (
			);
			name = hamming;
			productName = hamming;
			productReference = CD278A3C2018D7F700B4B360 /* hamming */;
			productType = "com.apple.product-type.tool";
		};
/* End PBXNativeTarget section */

/* Begin PBXProject section */
		CD38C64E200553E10039CFB3 /* Project object */ = {
			isa = PBXProject;
			attributes = {
				LastUpgradeCheck = 0920;
				ORGANIZATIONNAME = "Gusts Kaksis";
				TargetAttributes = {
					CD278A262018D78500B4B360 = {
						CreatedOnToolsVersion = 9.2;
						ProvisioningStyle = Automatic;
					};
					CD278A332018D7B500B4B360 = {
						CreatedOnToolsVersion = 9.2;
						ProvisioningStyle = Automatic;
					};
					CD38C652200553E10039CFB3 = {
						CreatedOnToolsVersion = 9.2;
						ProvisioningStyle = Automatic;
					};
				};
			};
			buildConfigurationList = CD38C651200553E10039CFB3 /* Build configuration list for PBXProject "MD" */;
			compatibilityVersion = "Xcode 8.0";
			developmentRegion = en;
			hasScannedForEncodings = 0;
			knownRegions = (
				en,
			);
			mainGroup = CD38C64D200553E10039CFB3;
			productRefGroup = CD38C64D200553E10039CFB3;
			projectDirPath = "";
			projectRoot = "";
			targets = (
				CD38C652200553E10039CFB3 /* signature */,
				CD278A262018D78500B4B360 /* crc */,
				CD278A332018D7B500B4B360 /* hamming */,
			);
		};
/* End PBXProject section */

/* Begin PBXSourcesBuildPhase section */
		CD278A232018D78500B4B360 /* Sources */ = {
			isa = PBXSourcesBuildPhase;
			buildActionMask = 2147483647;
			files = (
				CD278A3D2018D80800B4B360 /* crc.c in Sources */,
			);
			runOnlyForDeploymentPostprocessing = 0;
		};
		CD278A302018D7B500B4B360 /* Sources */ = {
			isa = PBXSourcesBuildPhase;
			buildActionMask = 2147483647;
			files = (
				CD278A3E2018D80C00B4B360 /* hamming.c in Sources */,
			);
			runOnlyForDeploymentPostprocessing = 0;
		};
/* End PBXSourcesBuildPhase section */

/* Begin XCBuildConfiguration section */
		CD278A2C2018D78500B4B360 /* Debug */ = {
			isa = XCBuildConfiguration;
			buildSettings = {
				CODE_SIGN_IDENTITY = "-";
				CODE_SIGN_STYLE = Automatic;
				MACOSX_DEPLOYMENT_TARGET = 10.10;
				PRODUCT_NAME = "$(TARGET_NAME)";
				SDKROOT = macosx;
			};
			name = Debug;
		};
		CD278A2D2018D78500B4B360 /* Release */ = {
			isa = XCBuildConfiguration;
			buildSettings = {
				CODE_SIGN_IDENTITY = "-";
				CODE_SIGN_STYLE = Automatic;
				MACOSX_DEPLOYMENT_TARGET = 10.10;
				PRODUCT_NAME = "$(TARGET_NAME)";
				SDKROOT = macosx;
			};
			name = Release;
		};
		CD278A392018D7B500B4B360 /* Debug */ = {
			isa = XCBuildConfiguration;
			buildSettings = {
				CODE_SIGN_IDENTITY = "-";
				CODE_SIGN_STYLE = Automatic;
				MACOSX_DEPLOYMENT_TARGET = 10.10;
				PRODUCT_NAME = "$(TARGET_NAME)";
				SDKROOT = macosx;
			};
			name = Debug;
		};
		CD278A3A2018D7B500B4B360 /* Release */ = {
			isa = XCBuildConfiguration;
			buildSettings = {
				CODE_SIGN_IDENTITY = "-";
				CODE_SIGN_STYLE = Automatic;
				MACOSX_DEPLOYMENT_TARGET = 10.10;
				PRODUCT_NAME = "$(TARGET_NAME)";
				SDKROOT = macosx;
			};
			name = Release;
		};
		CD38C653200553E10039CFB3 /* Debug */ = {
			isa = XCBuildConfiguration;
			buildSettings = {
				ALWAYS_SEARCH_USER_PATHS = NO;
				CLANG_ANALYZER_NONNULL = YES;
				CLANG_ANALYZER_NUMBER_OBJECT_CONVERSION = YES_AGGRESSIVE;
				CLANG_CXX_LANGUAGE_STANDARD = "gnu++14";
				CLANG_CXX_LIBRARY = "libc++";
				CLANG_ENABLE_MODULES = YES;
				CLANG_ENABLE_OBJC_ARC = YES;
				CLANG_WARN_BLOCK_CAPTURE_AUTORELEASING = YES;
				CLANG_WARN_BOOL_CONVERSION = YES;
				CLANG_WARN_COMMA = YES;
				CLANG_WARN_CONSTANT_CONVERSION = YES;
				CLANG_WARN_DIRECT_OBJC_ISA_USAGE = YES_ERROR;
				CLANG_WARN_DOCUMENTATION_COMMENTS = YES;
				CLANG_WARN_EMPTY_BODY = YES;
				CLANG_WARN_ENUM_CONVERSION = YES;
				CLANG_WARN_INFINITE_RECURSION = YES;
				CLANG_WARN_INT_CONVERSION = YES;
				CLANG_WARN_NON_LITERAL_NULL_CONVERSION = YES;
				CLANG_WARN_OBJC_LITERAL_CONVERSION = YES;
				CLANG_WARN_OBJC_ROOT_CLASS = YES_ERROR;
				CLANG_WARN_RANGE_LOOP_ANALYSIS = YES;
				CLANG_WARN_STRICT_PROTOTYPES = YES;
				CLANG_WARN_SUSPICIOUS_MOVE = YES;
				CLANG_WARN_UNGUARDED_AVAILABILITY = YES_AGGRESSIVE;
				CLANG_WARN_UNREACHABLE_CODE = YES;
				CLANG_WARN__DUPLICATE_METHOD_MATCH = YES;
				COPY_PHASE_STRIP = NO;
				DEBUG_INFORMATION_FORMAT = dwarf;
				ENABLE_STRICT_OBJC_MSGSEND = YES;
				ENABLE_TESTABILITY = YES;
				GCC_C_LANGUAGE_STANDARD = gnu11;
				GCC_DYNAMIC_NO_PIC = NO;
				GCC_NO_COMMON_BLOCKS = YES;
				GCC_OPTIMIZATION_LEVEL = 0;
				GCC_PREPROCESSOR_DEFINITIONS = (
					"DEBUG=1",
					"$(inherited)",
				);
				GCC_WARN_64_TO_32_BIT_CONVERSION = YES;
				GCC_WARN_ABOUT_RETURN_TYPE = YES_ERROR;
				GCC_WARN_UNDECLARED_SELECTOR = YES;
				GCC_WARN_UNINITIALIZED_AUTOS = YES_AGGRESSIVE;
				GCC_WARN_UNUSED_FUNCTION = YES;
				GCC_WARN_UNUSED_VARIABLE = YES;
				MACOSX_DEPLOYMENT_TARGET = 10.10;
				MTL_ENABLE_DEBUG_INFO = YES;
				ONLY_ACTIVE_ARCH = YES;
			};
			name = Debug;
		};
		CD38C654200553E10039CFB3 /* Release */ = {
			isa = XCBuildConfiguration;
			buildSettings = {
				ALWAYS_SEARCH_USER_PATHS = NO;
				CLANG_ANALYZER_NONNULL = YES;
				CLANG_ANALYZER_NUMBER_OBJECT_CONVERSION = YES_AGGRESSIVE;
				CLANG_CXX_LANGUAGE_STANDARD = "gnu++14";
				CLANG_CXX_LIBRARY = "libc++";
				CLANG_ENABLE_MODULES = YES;
				CLANG_ENABLE_OBJC_ARC = YES;
				CLANG_WARN_BLOCK_CAPTURE_AUTORELEASING = YES;
				CLANG_WARN_BOOL_CONVERSION = YES;
				CLANG_WARN_COMMA = YES;
				CLANG_WARN_CONSTANT_CONVERSION = YES;
				CLANG_WARN_DIRECT_OBJC_ISA_USAGE = YES_ERROR;
				CLANG_WARN_DOCUMENTATION_COMMENTS = YES;
				CLANG_WARN_EMPTY_BODY = YES;
				CLANG_WARN_ENUM_CONVERSION = YES;
				CLANG_WARN_INFINITE_RECURSION = YES;
				CLANG_WARN_INT_CONVERSION = YES;
				CLANG_WARN_NON_LITERAL_NULL_CONVERSION = YES;
				CLANG_WARN_OBJC_LITERAL_CONVERSION = YES;
				CLANG_WARN_OBJC_ROOT_CLASS = YES_ERROR;
				CLANG_WARN_RANGE_LOOP_ANALYSIS = YES;
				CLANG_WARN_STRICT_PROTOTYPES = YES;
				CLANG_WARN_SUSPICIOUS_MOVE = YES;
				CLANG_WARN_UNGUARDED_AVAILABILITY = YES_AGGRESSIVE;
				CLANG_WARN_UNREACHABLE_CODE = YES;
				CLANG_WARN__DUPLICATE_METHOD_MATCH = YES;
				COPY_PHASE_STRIP = NO;
				DEBUG_INFORMATION_FORMAT = "dwarf-with-dsym";
				ENABLE_NS_ASSERTIONS = NO;
				ENABLE_STRICT_OBJC_MSGSEND = YES;
				GCC_C_LANGUAGE_STANDARD = gnu11;
				GCC_NO_COMMON_BLOCKS = YES;
				GCC_WARN_64_TO_32_BIT_CONVERSION = YES;
				GCC_WARN_ABOUT_RETURN_TYPE = YES_ERROR;
				GCC_WARN_UNDECLARED_SELECTOR = YES;
				GCC_WARN_UNINITIALIZED_AUTOS = YES_AGGRESSIVE;
				GCC_WARN_UNUSED_FUNCTION = YES;
				GCC_WARN_UNUSED_VARIABLE = YES;
				MACOSX_DEPLOYMENT_TARGET = 10.10;
				MTL_ENABLE_DEBUG_INFO = NO;
			};
			name = Release;
		};
		CD38C656200553E10039CFB3 /* Debug */ = {
			isa = XCBuildConfiguration;
			buildSettings = {
				CODE_SIGN_STYLE = Automatic;
				DEBUGGING_SYMBOLS = YES;
				DEBUG_INFORMATION_FORMAT = dwarf;
				DEVELOPMENT_TEAM = REEBYBQBN9;
				GCC_GENERATE_DEBUGGING_SYMBOLS = YES;
				GCC_OPTIMIZATION_LEVEL = 0;
				OTHER_CFLAGS = "";
				OTHER_LDFLAGS = "";
				PRODUCT_NAME = "$(TARGET_NAME)";
			};
			name = Debug;
		};
		CD38C657200553E10039CFB3 /* Release */ = {
			isa = XCBuildConfiguration;
			buildSettings = {
				CODE_SIGN_STYLE = Automatic;
				DEBUG_INFORMATION_FORMAT = "dwarf-with-dsym";
				DEVELOPMENT_TEAM = REEBYBQBN9;
				OTHER_CFLAGS = "";
				OTHER_LDFLAGS = "";
				PRODUCT_NAME = "$(TARGET_NAME)";
			};
			name = Release;
		};
/* End XCBuildConfiguration section */

/* Begin XCConfigurationList section */
		CD278A2B2018D78500B4B360 /* Build configuration list for PBXNativeTarget "crc" */ = {
			isa = XCConfigurationList;
			buildConfigurations = (
				CD278A2C2018D78500B4B360 /* Debug */,
				CD278A2D2018D78500B4B360 /* Release */,
			);
			defaultConfigurationIsVisible = 0;
			defaultConfigurationName = Release;
		};
		CD278A382018D7B500B4B360 /* Build configuration list for PBXNativeTarget "hamming" */ = {
			isa = XCConfigurationList;
			buildConfigurations = (
				CD278A392018D7B500B4B360 /* Debug */,
				CD278A3A2018D7B500B4B360 /* Release */,
			);
			defaultConfigurationIsVisible = 0;
			defaultConfigurationName = Release;
		};
		CD38C651200553E10039CFB3 /* Build configuration list for PBXProject "MD" */ = {
			isa = XCConfigurationList;
			buildConfigurations = (
				CD38C653200553E10039CFB3 /* Debug */,
				CD38C654200553E10039CFB3 /* Release */,
			);
			defaultConfigurationIsVisible = 0;
			defaultConfigurationName = Release;
		};
		CD38C655200553E10039CFB3 /* Build configuration list for PBXLegacyTarget "signature" */ = {
			isa = XCConfigurationList;
			buildConfigurations = (
				CD38C656200553E10039CFB3 /* Debug */,
				CD38C657200553E10039CFB3 /* Release */,
			);
			defaultConfigurationIsVisible = 0;
			defaultConfigurationName = Release;
		};
/* End XCConfigurationList section */
	};
	rootObject = CD38C64E200553E10039CFB3 /* Project object */;
}
